
Microsoft Visual Studio Solution File, Format Version 12.00
# Visual Studio Version 17
VisualStudioVersion = 17.14.36127.28
MinimumVisualStudioVersion = 10.0.40219.1
Project("{FAE04EC0-301F-11D3-BF4B-00C04F79EFBC}") = "UI_Tools", "UI_Tools.csproj", "{9429CEB7-B1B8-892A-4867-0D82AA0EB801}"
EndProject
Project("{FAE04EC0-301F-11D3-BF4B-00C04F79EFBC}") = "Graphing", "Graphing.csproj", "{81D997EA-6791-9CD0-CAE6-EE8DD2C1C9A5}"
EndProject
Project("{FAE04EC0-301F-11D3-BF4B-00C04F79EFBC}") = "KerbalWindTunnel", "KerbalWindTunnel.csproj", "{AD0F161A-A1BB-B671-5CDA-8C7F8B850A44}"
	ProjectSection(ProjectDependencies) = postProject
		{3F6CADCF-A796-496C-BD21-001C30E03229} = {3F6CADCF-A796-496C-BD21-001C30E03229}
	EndProjectSection
EndProject
Project("{FAE04EC0-301F-11D3-BF4B-00C04F79EFBC}") = "MiniExcelDomainWorker", "..\MiniExcelDomainWorker\MiniExcelDomainWorker.csproj", "{BB5039AF-44AA-4B45-AE14-291E5FFD02F3}"
	ProjectSection(ProjectDependencies) = postProject
		{81D997EA-6791-9CD0-CAE6-EE8DD2C1C9A5} = {81D997EA-6791-9CD0-CAE6-EE8DD2C1C9A5}
		{AD0F161A-A1BB-B671-5CDA-8C7F8B850A44} = {AD0F161A-A1BB-B671-5CDA-8C7F8B850A44}
	EndProjectSection
EndProject
Project("{FAE04EC0-301F-11D3-BF4B-00C04F79EFBC}") = "MiniExcelInterface", "..\MiniExcelInterface\MiniExcelInterface.csproj", "{3F6CADCF-A796-496C-BD21-001C30E03229}"
EndProject
Global
	GlobalSection(SolutionConfigurationPlatforms) = preSolution
		Debug|Any CPU = Debug|Any CPU
		Release|Any CPU = Release|Any CPU
	EndGlobalSection
	GlobalSection(ProjectConfigurationPlatforms) = postSolution
		{9429CEB7-B1B8-892A-4867-0D82AA0EB801}.Debug|Any CPU.ActiveCfg = Debug|Any CPU
		{9429CEB7-B1B8-892A-4867-0D82AA0EB801}.Debug|Any CPU.Build.0 = Debug|Any CPU
		{9429CEB7-B1B8-892A-4867-0D82AA0EB801}.Release|Any CPU.ActiveCfg = Release|Any CPU
		{9429CEB7-B1B8-892A-4867-0D82AA0EB801}.Release|Any CPU.Build.0 = Release|Any CPU
		{81D997EA-6791-9CD0-CAE6-EE8DD2C1C9A5}.Debug|Any CPU.ActiveCfg = Debug|Any CPU
		{81D997EA-6791-9CD0-CAE6-EE8DD2C1C9A5}.Debug|Any CPU.Build.0 = Debug|Any CPU
		{81D997EA-6791-9CD0-CAE6-EE8DD2C1C9A5}.Release|Any CPU.ActiveCfg = Release|Any CPU
		{81D997EA-6791-9CD0-CAE6-EE8DD2C1C9A5}.Release|Any CPU.Build.0 = Release|Any CPU
		{AD0F161A-A1BB-B671-5CDA-8C7F8B850A44}.Debug|Any CPU.ActiveCfg = Debug|Any CPU
		{AD0F161A-A1BB-B671-5CDA-8C7F8B850A44}.Debug|Any CPU.Build.0 = Debug|Any CPU
		{AD0F161A-A1BB-B671-5CDA-8C7F8B850A44}.Release|Any CPU.ActiveCfg = Release|Any CPU
		{AD0F161A-A1BB-B671-5CDA-8C7F8B850A44}.Release|Any CPU.Build.0 = Release|Any CPU
		{BB5039AF-44AA-4B45-AE14-291E5FFD02F3}.Debug|Any CPU.ActiveCfg = Debug|Any CPU
		{BB5039AF-44AA-4B45-AE14-291E5FFD02F3}.Debug|Any CPU.Build.0 = Debug|Any CPU
		{BB5039AF-44AA-4B45-AE14-291E5FFD02F3}.Release|Any CPU.ActiveCfg = Release|Any CPU
		{BB5039AF-44AA-4B45-AE14-291E5FFD02F3}.Release|Any CPU.Build.0 = Release|Any CPU
		{3F6CADCF-A796-496C-BD21-001C30E03229}.Debug|Any CPU.ActiveCfg = Debug|Any CPU
		{3F6CADCF-A796-496C-BD21-001C30E03229}.Debug|Any CPU.Build.0 = Debug|Any CPU
		{3F6CADCF-A796-496C-BD21-001C30E03229}.Release|Any CPU.ActiveCfg = Release|Any CPU
		{3F6CADCF-A796-496C-BD21-001C30E03229}.Release|Any CPU.Build.0 = Release|Any CPU
	EndGlobalSection
	GlobalSection(SolutionProperties) = preSolution
		HideSolutionNode = FALSE
	EndGlobalSection
	GlobalSection(ExtensibilityGlobals) = postSolution
		SolutionGuid = {ABDD8D84-2414-43FD-B109-52A18D2E1B90}
	EndGlobalSection
EndGlobal
